
Microsoft Visual Studio Solution File, Format Version 12.00
# Visual Studio Version 17
VisualStudioVersion = 17.5.002.0
MinimumVisualStudioVersion = 10.0.40219.1
Project("{FAE04EC0-301F-11D3-BF4B-00C04F79EFBC}") = "02", "02\02.csproj", "{28535019-F44F-4201-8894-E72C412D110C}"
EndProject
Project("{FAE04EC0-301F-11D3-BF4B-00C04F79EFBC}") = "01", "01\01.csproj", "{CDAE3DDF-AD79-4286-89D8-3D178A7ADE55}"
EndProject
Global
	GlobalSection(SolutionProperties) = preSolution
		HideSolutionNode = FALSE
	EndGlobalSection
	GlobalSection(ExtensibilityGlobals) = postSolution
		SolutionGuid = {D1719F84-2D6E-45B0-B8C3-9F2D13B75872}
	EndGlobalSection
	GlobalSection(SolutionConfigurationPlatforms) = preSolution
		Debug|Any CPU = Debug|Any CPU
		Debug|x64 = Debug|x64
		Debug|x86 = Debug|x86
		Release|Any CPU = Release|Any CPU
		Release|x64 = Release|x64
		Release|x86 = Release|x86
	EndGlobalSection
	GlobalSection(ProjectConfigurationPlatforms) = postSolution
		{28535019-F44F-4201-8894-E72C412D110C}.Debug|Any CPU.ActiveCfg = Debug|Any CPU
		{28535019-F44F-4201-8894-E72C412D110C}.Debug|Any CPU.Build.0 = Debug|Any CPU
		{28535019-F44F-4201-8894-E72C412D110C}.Debug|x64.ActiveCfg = Debug|Any CPU
		{28535019-F44F-4201-8894-E72C412D110C}.Debug|x64.Build.0 = Debug|Any CPU
		{28535019-F44F-4201-8894-E72C412D110C}.Debug|x86.ActiveCfg = Debug|Any CPU
		{28535019-F44F-4201-8894-E72C412D110C}.Debug|x86.Build.0 = Debug|Any CPU
		{28535019-F44F-4201-8894-E72C412D110C}.Release|Any CPU.ActiveCfg = Release|Any CPU
		{28535019-F44F-4201-8894-E72C412D110C}.Release|Any CPU.Build.0 = Release|Any CPU
		{28535019-F44F-4201-8894-E72C412D110C}.Release|x64.ActiveCfg = Release|Any CPU
		{28535019-F44F-4201-8894-E72C412D110C}.Release|x64.Build.0 = Release|Any CPU
		{28535019-F44F-4201-8894-E72C412D110C}.Release|x86.ActiveCfg = Release|Any CPU
		{28535019-F44F-4201-8894-E72C412D110C}.Release|x86.Build.0 = Release|Any CPU
		{CDAE3DDF-AD79-4286-89D8-3D178A7ADE55}.Debug|Any CPU.ActiveCfg = Debug|Any CPU
		{CDAE3DDF-AD79-4286-89D8-3D178A7ADE55}.Debug|Any CPU.Build.0 = Debug|Any CPU
		{CDAE3DDF-AD79-4286-89D8-3D178A7ADE55}.Debug|x64.ActiveCfg = Debug|Any CPU
		{CDAE3DDF-AD79-4286-89D8-3D178A7ADE55}.Debug|x64.Build.0 = Debug|Any CPU
		{CDAE3DDF-AD79-4286-89D8-3D178A7ADE55}.Debug|x86.ActiveCfg = Debug|Any CPU
		{CDAE3DDF-AD79-4286-89D8-3D178A7ADE55}.Debug|x86.Build.0 = Debug|Any CPU
		{CDAE3DDF-AD79-4286-89D8-3D178A7ADE55}.Release|Any CPU.ActiveCfg = Release|Any CPU
		{CDAE3DDF-AD79-4286-89D8-3D178A7ADE55}.Release|Any CPU.Build.0 = Release|Any CPU
		{CDAE3DDF-AD79-4286-89D8-3D178A7ADE55}.Release|x64.ActiveCfg = Release|Any CPU
		{CDAE3DDF-AD79-4286-89D8-3D178A7ADE55}.Release|x64.Build.0 = Release|Any CPU
		{CDAE3DDF-AD79-4286-89D8-3D178A7ADE55}.Release|x86.ActiveCfg = Release|Any CPU
		{CDAE3DDF-AD79-4286-89D8-3D178A7ADE55}.Release|x86.Build.0 = Release|Any CPU
	EndGlobalSection
EndGlobal
